
Microsoft Visual Studio Solution File, Format Version 12.00
# Visual Studio 15
VisualStudioVersion = 15.0.27703.2047
MinimumVisualStudioVersion = 10.0.40219.1
Project("{FAE04EC0-301F-11D3-BF4B-00C04F79EFBC}") = "KC.InstallService", "KC.InstallService\KC.InstallService.csproj", "{484FD1AB-8BA2-4E46-802A-EED1A84E6CC9}"
EndProject
Project("{FAE04EC0-301F-11D3-BF4B-00C04F79EFBC}") = "Example.InstallService", "Example.InstallService\Example.InstallService.csproj", "{C6DA81C8-8D1D-49FE-98C1-F401A0CA5519}"
EndProject
Global
	GlobalSection(SolutionConfigurationPlatforms) = preSolution
		Debug|Any CPU = Debug|Any CPU
		Release|Any CPU = Release|Any CPU
	EndGlobalSection
	GlobalSection(ProjectConfigurationPlatforms) = postSolution
		{484FD1AB-8BA2-4E46-802A-EED1A84E6CC9}.Debug|Any CPU.ActiveCfg = Debug|Any CPU
		{484FD1AB-8BA2-4E46-802A-EED1A84E6CC9}.Debug|Any CPU.Build.0 = Debug|Any CPU
		{484FD1AB-8BA2-4E46-802A-EED1A84E6CC9}.Release|Any CPU.ActiveCfg = Release|Any CPU
		{484FD1AB-8BA2-4E46-802A-EED1A84E6CC9}.Release|Any CPU.Build.0 = Release|Any CPU
		{C6DA81C8-8D1D-49FE-98C1-F401A0CA5519}.Debug|Any CPU.ActiveCfg = Debug|Any CPU
		{C6DA81C8-8D1D-49FE-98C1-F401A0CA5519}.Debug|Any CPU.Build.0 = Debug|Any CPU
		{C6DA81C8-8D1D-49FE-98C1-F401A0CA5519}.Release|Any CPU.ActiveCfg = Release|Any CPU
		{C6DA81C8-8D1D-49FE-98C1-F401A0CA5519}.Release|Any CPU.Build.0 = Release|Any CPU
	EndGlobalSection
	GlobalSection(SolutionProperties) = preSolution
		HideSolutionNode = FALSE
	EndGlobalSection
	GlobalSection(ExtensibilityGlobals) = postSolution
		SolutionGuid = {8EFA98F7-9602-4FCF-BF8E-91F0694E5EDB}
	EndGlobalSection
EndGlobal
